// !$*UTF8*$!
{
	archiveVersion = 1;
	classes = {
	};
	objectVersion = 77;
	objects = {

/* Begin PBXBuildFile section */
		C3C3C3C3C3C3C3C3C3C30001 /* RevenueCat in Frameworks */ = {isa = PBXBuildFile; productRef = B2B2B2B2B2B2B2B2B2B20001 /* RevenueCat */; };
		C3C3C3C3C3C3C3C3C3C30002 /* PostHog in Frameworks */ = {isa = PBXBuildFile; productRef = B2B2B2B2B2B2B2B2B2B20002 /* PostHog */; };
		C3C3C3C3C3C3C3C3C3C30003 /* ClerkKit in Frameworks */ = {isa = PBXBuildFile; productRef = B2B2B2B2B2B2B2B2B2B20003 /* ClerkKit */; };
/* End PBXBuildFile section */

/* Begin PBXContainerItemProxy section */
		C733B4272FFEBEE700C4EA7B /* PBXContainerItemProxy */ = {
			isa = PBXContainerItemProxy;
			containerPortal = C733B4112FFEBEE500C4EA7B /* Project object */;
			proxyType = 1;
			remoteGlobalIDString = C733B4182FFEBEE500C4EA7B;
			remoteInfo = PacaStop;
		};
		C733B4312FFEBEE700C4EA7B /* PBXContainerItemProxy */ = {
			isa = PBXContainerItemProxy;
			containerPortal = C733B4112FFEBEE500C4EA7B /* Project object */;
			proxyType = 1;
			remoteGlobalIDString = C733B4182FFEBEE500C4EA7B;
			remoteInfo = PacaStop;
		};
/* End PBXContainerItemProxy section */

/* Begin PBXFileReference section */
		C733B4192FFEBEE500C4EA7B /* PacaStop.app */ = {isa = PBXFileReference; explicitFileType = wrapper.application; includeInIndex = 0; path = PacaStop.app; sourceTree = BUILT_PRODUCTS_DIR; };
		C733B4262FFEBEE700C4EA7B /* PacaStopTests.xctest */ = {isa = PBXFileReference; explicitFileType = wrapper.cfbundle; includeInIndex = 0; path = PacaStopTests.xctest; sourceTree = BUILT_PRODUCTS_DIR; };
		C733B4302FFEBEE700C4EA7B /* PacaStopUITests.xctest */ = {isa = PBXFileReference; explicitFileType = wrapper.cfbundle; includeInIndex = 0; path = PacaStopUITests.xctest; sourceTree = BUILT_PRODUCTS_DIR; };
/* End PBXFileReference section */

/* Begin PBXFileSystemSynchronizedRootGroup section */
		C733B41B2FFEBEE500C4EA7B /* PacaStop */ = {
			isa = PBXFileSystemSynchronizedRootGroup;
			path = PacaStop;
			sourceTree = "<group>";
		};
		C733B4292FFEBEE700C4EA7B /* PacaStopTests */ = {
			isa = PBXFileSystemSynchronizedRootGroup;
			path = PacaStopTests;
			sourceTree = "<group>";
		};
		C733B4332FFEBEE700C4EA7B /* PacaStopUITests */ = {
			isa = PBXFileSystemSynchronizedRootGroup;
			path = PacaStopUITests;
			sourceTree = "<group>";
		};
/* End PBXFileSystemSynchronizedRootGroup section */

/* Begin PBXFrameworksBuildPhase section */
		C733B4162FFEBEE500C4EA7B /* Frameworks */ = {
			isa = PBXFrameworksBuildPhase;
			buildActionMask = 2147483647;
			files = (
				C3C3C3C3C3C3C3C3C3C30001 /* RevenueCat in Frameworks */,
				C3C3C3C3C3C3C3C3C3C30002 /* PostHog in Frameworks */,
				C3C3C3C3C3C3C3C3C3C30003 /* ClerkKit in Frameworks */,
			);
			runOnlyForDeploymentPostprocessing = 0;
		};
		C733B4232FFEBEE700C4EA7B /* Frameworks */ = {
			isa = PBXFrameworksBuildPhase;
			buildActionMask = 2147483647;
			files = (
			);
			runOnlyForDeploymentPostprocessing = 0;
		};
		C733B42D2FFEBEE700C4EA7B /* Frameworks */ = {
			isa = PBXFrameworksBuildPhase;
			buildActionMask = 2147483647;
			files = (
			);
			runOnlyForDeploymentPostprocessing = 0;
		};
/* End PBXFrameworksBuildPhase section */

/* Begin PBXGroup section */
		C733B4102FFEBEE500C4EA7B = {
			isa = PBXGroup;
			children = (
				C733B41B2FFEBEE500C4EA7B /* PacaStop */,
				C733B4292FFEBEE700C4EA7B /* PacaStopTests */,
				C733B4332FFEBEE700C4EA7B /* PacaStopUITests */,
				C733B41A2FFEBEE500C4EA7B /* Products */,
			);
			sourceTree = "<group>";
		};
		C733B41A2FFEBEE500C4EA7B /* Products */ = {
			isa = PBXGroup;
			children = (
				C733B4192FFEBEE500C4EA7B /* PacaStop.app */,
				C733B4262FFEBEE700C4EA7B /* PacaStopTests.xctest */,
				C733B4302FFEBEE700C4EA7B /* PacaStopUITests.xctest */,
			);
			name = Products;
			sourceTree = "<group>";
		};
/* End PBXGroup section */

/* Begin PBXNativeTarget section */
		C733B4182FFEBEE500C4EA7B /* PacaStop */ = {
			isa = PBXNativeTarget;
			buildConfigurationList = C733B43A2FFEBEE700C4EA7B /* Build configuration list for PBXNativeTarget "PacaStop" */;
			buildPhases = (
				C733B4152FFEBEE500C4EA7B /* Sources */,
				C733B4162FFEBEE500C4EA7B /* Frameworks */,
				C733B4172FFEBEE500C4EA7B /* Resources */,
			);
			buildRules = (
			);
			dependencies = (
			);
			fileSystemSynchronizedGroups = (
				C733B41B2FFEBEE500C4EA7B /* PacaStop */,
			);
			name = PacaStop;
			packageProductDependencies = (
				B2B2B2B2B2B2B2B2B2B20001 /* RevenueCat */,
				B2B2B2B2B2B2B2B2B2B20002 /* PostHog */,
				B2B2B2B2B2B2B2B2B2B20003 /* ClerkKit */,
			);
			productName = PacaStop;
			productReference = C733B4192FFEBEE500C4EA7B /* PacaStop.app */;
			productType = "com.apple.product-type.application";
		};
		C733B4252FFEBEE700C4EA7B /* PacaStopTests */ = {
			isa = PBXNativeTarget;
			buildConfigurationList = C733B43D2FFEBEE700C4EA7B /* Build configuration list for PBXNativeTarget "PacaStopTests" */;
			buildPhases = (
				C733B4222FFEBEE700C4EA7B /* Sources */,
				C733B4232FFEBEE700C4EA7B /* Frameworks */,
				C733B4242FFEBEE700C4EA7B /* Resources */,
			);
			buildRules = (
			);
			dependencies = (
				C733B4282FFEBEE700C4EA7B /* PBXTargetDependency */,
			);
			fileSystemSynchronizedGroups = (
				C733B4292FFEBEE700C4EA7B /* PacaStopTests */,
			);
			name = PacaStopTests;
			packageProductDependencies = (
			);
			productName = PacaStopTests;
			productReference = C733B4262FFEBEE700C4EA7B /* PacaStopTests.xctest */;
			productType = "com.apple.product-type.bundle.unit-test";
		};
		C733B42F2FFEBEE700C4EA7B /* PacaStopUITests */ = {
			isa = PBXNativeTarget;
			buildConfigurationList = C733B4402FFEBEE700C4EA7B /* Build configuration list for PBXNativeTarget "PacaStopUITests" */;
			buildPhases = (
				C733B42C2FFEBEE700C4EA7B /* Sources */,
				C733B42D2FFEBEE700C4EA7B /* Frameworks */,
				C733B42E2FFEBEE700C4EA7B /* Resources */,
			);
			buildRules = (
			);
			dependencies = (
				C733B4322FFEBEE700C4EA7B /* PBXTargetDependency */,
			);
			fileSystemSynchronizedGroups = (
				C733B4332FFEBEE700C4EA7B /* PacaStopUITests */,
			);
			name = PacaStopUITests;
			packageProductDependencies = (
			);
			productName = PacaStopUITests;
			productReference = C733B4302FFEBEE700C4EA7B /* PacaStopUITests.xctest */;
			productType = "com.apple.product-type.bundle.ui-testing";
		};
/* End PBXNativeTarget section */

/* Begin PBXProject section */
		C733B4112FFEBEE500C4EA7B /* Project object */ = {
			isa = PBXProject;
			attributes = {
				BuildIndependentTargetsInParallel = 1;
				LastSwiftUpdateCheck = 2630;
				LastUpgradeCheck = 2630;
				TargetAttributes = {
					C733B4182FFEBEE500C4EA7B = {
						CreatedOnToolsVersion = 26.3;
					};
					C733B4252FFEBEE700C4EA7B = {
						CreatedOnToolsVersion = 26.3;
						TestTargetID = C733B4182FFEBEE500C4EA7B;
					};
					C733B42F2FFEBEE700C4EA7B = {
						CreatedOnToolsVersion = 26.3;
						TestTargetID = C733B4182FFEBEE500C4EA7B;
					};
				};
			};
			buildConfigurationList = C733B4142FFEBEE500C4EA7B /* Build configuration list for PBXProject "PacaStop" */;
			developmentRegion = en;
			hasScannedForEncodings = 0;
			knownRegions = (
				en,
				Base,
			);
			mainGroup = C733B4102FFEBEE500C4EA7B;
			minimizedProjectReferenceProxies = 1;
			packageReferences = (
				A1A1A1A1A1A1A1A1A1A10001 /* XCRemoteSwiftPackageReference "purchases-ios" */,
				A1A1A1A1A1A1A1A1A1A10002 /* XCRemoteSwiftPackageReference "posthog-ios" */,
				A1A1A1A1A1A1A1A1A1A10003 /* XCRemoteSwiftPackageReference "clerk-ios" */,
			);
			preferredProjectObjectVersion = 77;
			productRefGroup = C733B41A2FFEBEE500C4EA7B /* Products */;
			projectDirPath = "";
			projectRoot = "";
			targets = (
				C733B4182FFEBEE500C4EA7B /* PacaStop */,
				C733B4252FFEBEE700C4EA7B /* PacaStopTests */,
				C733B42F2FFEBEE700C4EA7B /* PacaStopUITests */,
			);
		};
/* End PBXProject section */

/* Begin PBXResourcesBuildPhase section */
		C733B4172FFEBEE500C4EA7B /* Resources */ = {
			isa = PBXResourcesBuildPhase;
			buildActionMask = 2147483647;
			files = (
			);
			runOnlyForDeploymentPostprocessing = 0;
		};
		C733B4242FFEBEE700C4EA7B /* Resources */ = {
			isa = PBXResourcesBuildPhase;
			buildActionMask = 2147483647;
			files = (
			);
			runOnlyForDeploymentPostprocessing = 0;
		};
		C733B42E2FFEBEE700C4EA7B /* Resources */ = {
			isa = PBXResourcesBuildPhase;
			buildActionMask = 2147483647;
			files = (
			);
			runOnlyForDeploymentPostprocessing = 0;
		};
/* End PBXResourcesBuildPhase section */

/* Begin PBXSourcesBuildPhase section */
		C733B4152FFEBEE500C4EA7B /* Sources */ = {
			isa = PBXSourcesBuildPhase;
			buildActionMask = 2147483647;
			files = (
			);
			runOnlyForDeploymentPostprocessing = 0;
		};
		C733B4222FFEBEE700C4EA7B /* Sources */ = {
			isa = PBXSourcesBuildPhase;
			buildActionMask = 2147483647;
			files = (
			);
			runOnlyForDeploymentPostprocessing = 0;
		};
		C733B42C2FFEBEE700C4EA7B /* Sources */ = {
			isa = PBXSourcesBuildPhase;
			buildActionMask = 2147483647;
			files = (
			);
			runOnlyForDeploymentPostprocessing = 0;
		};
/* End PBXSourcesBuildPhase section */

/* Begin PBXTargetDependency section */
		C733B4282FFEBEE700C4EA7B /* PBXTargetDependency */ = {
			isa = PBXTargetDependency;
			target = C733B4182FFEBEE500C4EA7B /* PacaStop */;
			targetProxy = C733B4272FFEBEE700C4EA7B /* PBXContainerItemProxy */;
		};
		C733B4322FFEBEE700C4EA7B /* PBXTargetDependency */ = {
			isa = PBXTargetDependency;
			target = C733B4182FFEBEE500C4EA7B /* PacaStop */;
			targetProxy = C733B4312FFEBEE700C4EA7B /* PBXContainerItemProxy */;
		};
/* End PBXTargetDependency section */

/* Begin XCBuildConfiguration section */
		C733B4382FFEBEE700C4EA7B /* Debug */ = {
			isa = XCBuildConfiguration;
			buildSettings = {
				ALWAYS_SEARCH_USER_PATHS = NO;
				ASSETCATALOG_COMPILER_GENERATE_SWIFT_ASSET_SYMBOL_EXTENSIONS = YES;
				CLANG_ANALYZER_NONNULL = YES;
				CLANG_ANALYZER_NUMBER_OBJECT_CONVERSION = YES_AGGRESSIVE;
				CLANG_CXX_LANGUAGE_STANDARD = "gnu++20";
				CLANG_ENABLE_MODULES = YES;
				CLANG_ENABLE_OBJC_ARC = YES;
				CLANG_ENABLE_OBJC_WEAK = YES;
				CLANG_WARN_BLOCK_CAPTURE_AUTORELEASING = YES;
				CLANG_WARN_BOOL_CONVERSION = YES;
				CLANG_WARN_COMMA = YES;
				CLANG_WARN_CONSTANT_CONVERSION = YES;
				CLANG_WARN_DEPRECATED_OBJC_IMPLEMENTATIONS = YES;
				CLANG_WARN_DIRECT_OBJC_ISA_USAGE = YES_ERROR;
				CLANG_WARN_DOCUMENTATION_COMMENTS = YES;
				CLANG_WARN_EMPTY_BODY = YES;
				CLANG_WARN_ENUM_CONVERSION = YES;
				CLANG_WARN_INFINITE_RECURSION = YES;
				CLANG_WARN_INT_CONVERSION = YES;
				CLANG_WARN_NON_LITERAL_NULL_CONVERSION = YES;
				CLANG_WARN_OBJC_IMPLICIT_RETAIN_SELF = YES;
				CLANG_WARN_OBJC_LITERAL_CONVERSION = YES;
				CLANG_WARN_OBJC_ROOT_CLASS = YES_ERROR;
				CLANG_WARN_QUOTED_INCLUDE_IN_FRAMEWORK_HEADER = YES;
				CLANG_WARN_RANGE_LOOP_ANALYSIS = YES;
				CLANG_WARN_STRICT_PROTOTYPES = YES;
				CLANG_WARN_SUSPICIOUS_MOVE = YES;
				CLANG_WARN_UNGUARDED_AVAILABILITY = YES_AGGRESSIVE;
				CLANG_WARN_UNREACHABLE_CODE = YES;
				CLANG_WARN__DUPLICATE_METHOD_MATCH = YES;
				COPY_PHASE_STRIP = NO;
				DEBUG_INFORMATION_FORMAT = dwarf;
				DEVELOPMENT_TEAM = MARK849J48;
				ENABLE_STRICT_OBJC_MSGSEND = YES;
				ENABLE_TESTABILITY = YES;
				ENABLE_USER_SCRIPT_SANDBOXING = YES;
				GCC_C_LANGUAGE_STANDARD = gnu17;
				GCC_DYNAMIC_NO_PIC = NO;
				GCC_NO_COMMON_BLOCKS = YES;
				GCC_OPTIMIZATION_LEVEL = 0;
				GCC_PREPROCESSOR_DEFINITIONS = (
					"DEBUG=1",
					"$(inherited)",
				);
				GCC_WARN_64_TO_32_BIT_CONVERSION = YES;
				GCC_WARN_ABOUT_RETURN_TYPE = YES_ERROR;
				GCC_WARN_UNDECLARED_SELECTOR = YES;
				GCC_WARN_UNINITIALIZED_AUTOS = YES_AGGRESSIVE;
				GCC_WARN_UNUSED_FUNCTION = YES;
				GCC_WARN_UNUSED_VARIABLE = YES;
				IPHONEOS_DEPLOYMENT_TARGET = 17.0;
				LOCALIZATION_PREFERS_STRING_CATALOGS = YES;
				MTL_ENABLE_DEBUG_INFO = INCLUDE_SOURCE;
				MTL_FAST_MATH = YES;
				ONLY_ACTIVE_ARCH = YES;
				SDKROOT = iphoneos;
				SWIFT_ACTIVE_COMPILATION_CONDITIONS = "DEBUG $(inherited)";
				SWIFT_OPTIMIZATION_LEVEL = "-Onone";
			};
			name = Debug;
		};
		C733B4392FFEBEE700C4EA7B /* Release */ = {
			isa = XCBuildConfiguration;
			buildSettings = {
				ALWAYS_SEARCH_USER_PATHS = NO;
				ASSETCATALOG_COMPILER_GENERATE_SWIFT_ASSET_SYMBOL_EXTENSIONS = YES;
				CLANG_ANALYZER_NONNULL = YES;
				CLANG_ANALYZER_NUMBER_OBJECT_CONVERSION = YES_AGGRESSIVE;
				CLANG_CXX_LANGUAGE_STANDARD = "gnu++20";
				CLANG_ENABLE_MODULES = YES;
				CLANG_ENABLE_OBJC_ARC = YES;
				CLANG_ENABLE_OBJC_WEAK = YES;
				CLANG_WARN_BLOCK_CAPTURE_AUTORELEASING = YES;
				CLANG_WARN_BOOL_CONVERSION = YES;
				CLANG_WARN_COMMA = YES;
				CLANG_WARN_CONSTANT_CONVERSION = YES;
				CLANG_WARN_DEPRECATED_OBJC_IMPLEMENTATIONS = YES;
				CLANG_WARN_DIRECT_OBJC_ISA_USAGE = YES_ERROR;
				CLANG_WARN_DOCUMENTATION_COMMENTS = YES;
				CLANG_WARN_EMPTY_BODY = YES;
				CLANG_WARN_ENUM_CONVERSION = YES;
				CLANG_WARN_INFINITE_RECURSION = YES;
				CLANG_WARN_INT_CONVERSION = YES;
				CLANG_WARN_NON_LITERAL_NULL_CONVERSION = YES;
				CLANG_WARN_OBJC_IMPLICIT_RETAIN_SELF = YES;
				CLANG_WARN_OBJC_LITERAL_CONVERSION = YES;
				CLANG_WARN_OBJC_ROOT_CLASS = YES_ERROR;
				CLANG_WARN_QUOTED_INCLUDE_IN_FRAMEWORK_HEADER = YES;
				CLANG_WARN_RANGE_LOOP_ANALYSIS = YES;
				CLANG_WARN_STRICT_PROTOTYPES = YES;
				CLANG_WARN_SUSPICIOUS_MOVE = YES;
				CLANG_WARN_UNGUARDED_AVAILABILITY = YES_AGGRESSIVE;
				CLANG_WARN_UNREACHABLE_CODE = YES;
				CLANG_WARN__DUPLICATE_METHOD_MATCH = YES;
				COPY_PHASE_STRIP = NO;
				DEBUG_INFORMATION_FORMAT = "dwarf-with-dsym";
				DEVELOPMENT_TEAM = MARK849J48;
				ENABLE_NS_ASSERTIONS = NO;
				ENABLE_STRICT_OBJC_MSGSEND = YES;
				ENABLE_USER_SCRIPT_SANDBOXING = YES;
				GCC_C_LANGUAGE_STANDARD = gnu17;
				GCC_NO_COMMON_BLOCKS = YES;
				GCC_WARN_64_TO_32_BIT_CONVERSION = YES;
				GCC_WARN_ABOUT_RETURN_TYPE = YES_ERROR;
				GCC_WARN_UNDECLARED_SELECTOR = YES;
				GCC_WARN_UNINITIALIZED_AUTOS = YES_AGGRESSIVE;
				GCC_WARN_UNUSED_FUNCTION = YES;
				GCC_WARN_UNUSED_VARIABLE = YES;
				IPHONEOS_DEPLOYMENT_TARGET = 17.0;
				LOCALIZATION_PREFERS_STRING_CATALOGS = YES;
				MTL_ENABLE_DEBUG_INFO = NO;
				MTL_FAST_MATH = YES;
				SDKROOT = iphoneos;
				SWIFT_COMPILATION_MODE = wholemodule;
				VALIDATE_PRODUCT = YES;
			};
			name = Release;
		};
		C733B43B2FFEBEE700C4EA7B /* Debug */ = {
			isa = XCBuildConfiguration;
			buildSettings = {
				ASSETCATALOG_COMPILER_APPICON_NAME = AppIcon;
				ASSETCATALOG_COMPILER_GLOBAL_ACCENT_COLOR_NAME = AccentColor;
				CODE_SIGN_ENTITLEMENTS = PacaStop/PacaStop.entitlements;
				CODE_SIGN_STYLE = Automatic;
				CURRENT_PROJECT_VERSION = 13;
				DEVELOPMENT_TEAM = MARK849J48;
				ENABLE_PREVIEWS = YES;
				GENERATE_INFOPLIST_FILE = YES;
				INFOPLIST_KEY_ITSAppUsesNonExemptEncryption = NO;
				INFOPLIST_KEY_UIApplicationSceneManifest_Generation = YES;
				INFOPLIST_KEY_UIApplicationSupportsIndirectInputEvents = YES;
				INFOPLIST_KEY_UILaunchStoryboardName = LaunchScreen;
				INFOPLIST_KEY_UISupportedInterfaceOrientations_iPad = "UIInterfaceOrientationPortrait UIInterfaceOrientationPortraitUpsideDown UIInterfaceOrientationLandscapeLeft UIInterfaceOrientationLandscapeRight";
				INFOPLIST_KEY_UISupportedInterfaceOrientations_iPhone = UIInterfaceOrientationPortrait;
				LD_RUNPATH_SEARCH_PATHS = (
					"$(inherited)",
					"@executable_path/Frameworks",
				);
				MARKETING_VERSION = 1.0;
				PRODUCT_BUNDLE_IDENTIFIER = com.pixelpaw.PacaStop;
				PRODUCT_NAME = "$(TARGET_NAME)";
				STRING_CATALOG_GENERATE_SYMBOLS = YES;
				SUPPORTED_PLATFORMS = "iphoneos iphonesimulator";
				SUPPORTS_MACCATALYST = NO;
				SUPPORTS_MAC_DESIGNED_FOR_IPHONE_IPAD = NO;
				SUPPORTS_XR_DESIGNED_FOR_IPHONE_IPAD = NO;
				SWIFT_APPROACHABLE_CONCURRENCY = YES;
				SWIFT_DEFAULT_ACTOR_ISOLATION = MainActor;
				SWIFT_EMIT_LOC_STRINGS = YES;
				SWIFT_UPCOMING_FEATURE_MEMBER_IMPORT_VISIBILITY = YES;
				SWIFT_VERSION = 5.0;
				TARGETED_DEVICE_FAMILY = 1;
			};
			name = Debug;
		};
		C733B43C2FFEBEE700C4EA7B /* Release */ = {
			isa = XCBuildConfiguration;
			buildSettings = {
				ASSETCATALOG_COMPILER_APPICON_NAME = AppIcon;
				ASSETCATALOG_COMPILER_GLOBAL_ACCENT_COLOR_NAME = AccentColor;
				CODE_SIGN_ENTITLEMENTS = PacaStop/PacaStop.entitlements;
				CODE_SIGN_STYLE = Automatic;
				CURRENT_PROJECT_VERSION = 13;
				DEVELOPMENT_TEAM = MARK849J48;
				ENABLE_PREVIEWS = YES;
				GENERATE_INFOPLIST_FILE = YES;
				INFOPLIST_KEY_ITSAppUsesNonExemptEncryption = NO;
				INFOPLIST_KEY_UIApplicationSceneManifest_Generation = YES;
				INFOPLIST_KEY_UIApplicationSupportsIndirectInputEvents = YES;
				INFOPLIST_KEY_UILaunchStoryboardName = LaunchScreen;
				INFOPLIST_KEY_UISupportedInterfaceOrientations_iPad = "UIInterfaceOrientationPortrait UIInterfaceOrientationPortraitUpsideDown UIInterfaceOrientationLandscapeLeft UIInterfaceOrientationLandscapeRight";
				INFOPLIST_KEY_UISupportedInterfaceOrientations_iPhone = UIInterfaceOrientationPortrait;
				LD_RUNPATH_SEARCH_PATHS = (
					"$(inherited)",
					"@executable_path/Frameworks",
				);
				MARKETING_VERSION = 1.0;
				PRODUCT_BUNDLE_IDENTIFIER = com.pixelpaw.PacaStop;
				PRODUCT_NAME = "$(TARGET_NAME)";
				STRING_CATALOG_GENERATE_SYMBOLS = YES;
				SUPPORTED_PLATFORMS = "iphoneos iphonesimulator";
				SUPPORTS_MACCATALYST = NO;
				SUPPORTS_MAC_DESIGNED_FOR_IPHONE_IPAD = NO;
				SUPPORTS_XR_DESIGNED_FOR_IPHONE_IPAD = NO;
				SWIFT_APPROACHABLE_CONCURRENCY = YES;
				SWIFT_DEFAULT_ACTOR_ISOLATION = MainActor;
				SWIFT_EMIT_LOC_STRINGS = YES;
				SWIFT_UPCOMING_FEATURE_MEMBER_IMPORT_VISIBILITY = YES;
				SWIFT_VERSION = 5.0;
				TARGETED_DEVICE_FAMILY = 1;
			};
			name = Release;
		};
		C733B43E2FFEBEE700C4EA7B /* Debug */ = {
			isa = XCBuildConfiguration;
			buildSettings = {
				BUNDLE_LOADER = "$(TEST_HOST)";
				CODE_SIGN_STYLE = Automatic;
				CURRENT_PROJECT_VERSION = 13;
				DEVELOPMENT_TEAM = MARK849J48;
				GENERATE_INFOPLIST_FILE = YES;
				IPHONEOS_DEPLOYMENT_TARGET = 17.0;
				MARKETING_VERSION = 1.0;
				PRODUCT_BUNDLE_IDENTIFIER = com.pixelpaw.PacaStopTests;
				PRODUCT_NAME = "$(TARGET_NAME)";
				STRING_CATALOG_GENERATE_SYMBOLS = NO;
				SWIFT_APPROACHABLE_CONCURRENCY = YES;
				SWIFT_EMIT_LOC_STRINGS = NO;
				SWIFT_UPCOMING_FEATURE_MEMBER_IMPORT_VISIBILITY = YES;
				SWIFT_VERSION = 5.0;
				TARGETED_DEVICE_FAMILY = 1;
				TEST_HOST = "$(BUILT_PRODUCTS_DIR)/PacaStop.app/$(BUNDLE_EXECUTABLE_FOLDER_PATH)/PacaStop";
			};
			name = Debug;
		};
		C733B43F2FFEBEE700C4EA7B /* Release */ = {
			isa = XCBuildConfiguration;
			buildSettings = {
				BUNDLE_LOADER = "$(TEST_HOST)";
				CODE_SIGN_STYLE = Automatic;
				CURRENT_PROJECT_VERSION = 13;
				DEVELOPMENT_TEAM = MARK849J48;
				GENERATE_INFOPLIST_FILE = YES;
				IPHONEOS_DEPLOYMENT_TARGET = 17.0;
				MARKETING_VERSION = 1.0;
				PRODUCT_BUNDLE_IDENTIFIER = com.pixelpaw.PacaStopTests;
				PRODUCT_NAME = "$(TARGET_NAME)";
				STRING_CATALOG_GENERATE_SYMBOLS = NO;
				SWIFT_APPROACHABLE_CONCURRENCY = YES;
				SWIFT_EMIT_LOC_STRINGS = NO;
				SWIFT_UPCOMING_FEATURE_MEMBER_IMPORT_VISIBILITY = YES;
				SWIFT_VERSION = 5.0;
				TARGETED_DEVICE_FAMILY = 1;
				TEST_HOST = "$(BUILT_PRODUCTS_DIR)/PacaStop.app/$(BUNDLE_EXECUTABLE_FOLDER_PATH)/PacaStop";
			};
			name = Release;
		};
		C733B4412FFEBEE700C4EA7B /* Debug */ = {
			isa = XCBuildConfiguration;
			buildSettings = {
				CODE_SIGN_STYLE = Automatic;
				CURRENT_PROJECT_VERSION = 13;
				DEVELOPMENT_TEAM = MARK849J48;
				GENERATE_INFOPLIST_FILE = YES;
				MARKETING_VERSION = 1.0;
				PRODUCT_BUNDLE_IDENTIFIER = com.pixelpaw.PacaStopUITests;
				PRODUCT_NAME = "$(TARGET_NAME)";
				STRING_CATALOG_GENERATE_SYMBOLS = NO;
				SWIFT_APPROACHABLE_CONCURRENCY = YES;
				SWIFT_EMIT_LOC_STRINGS = NO;
				SWIFT_UPCOMING_FEATURE_MEMBER_IMPORT_VISIBILITY = YES;
				SWIFT_VERSION = 5.0;
				TARGETED_DEVICE_FAMILY = 1;
				TEST_TARGET_NAME = PacaStop;
			};
			name = Debug;
		};
		C733B4422FFEBEE700C4EA7B /* Release */ = {
			isa = XCBuildConfiguration;
			buildSettings = {
				CODE_SIGN_STYLE = Automatic;
				CURRENT_PROJECT_VERSION = 13;
				DEVELOPMENT_TEAM = MARK849J48;
				GENERATE_INFOPLIST_FILE = YES;
				MARKETING_VERSION = 1.0;
				PRODUCT_BUNDLE_IDENTIFIER = com.pixelpaw.PacaStopUITests;
				PRODUCT_NAME = "$(TARGET_NAME)";
				STRING_CATALOG_GENERATE_SYMBOLS = NO;
				SWIFT_APPROACHABLE_CONCURRENCY = YES;
				SWIFT_EMIT_LOC_STRINGS = NO;
				SWIFT_UPCOMING_FEATURE_MEMBER_IMPORT_VISIBILITY = YES;
				SWIFT_VERSION = 5.0;
				TARGETED_DEVICE_FAMILY = 1;
				TEST_TARGET_NAME = PacaStop;
			};
			name = Release;
		};
/* End XCBuildConfiguration section */

/* Begin XCConfigurationList section */
		C733B4142FFEBEE500C4EA7B /* Build configuration list for PBXProject "PacaStop" */ = {
			isa = XCConfigurationList;
			buildConfigurations = (
				C733B4382FFEBEE700C4EA7B /* Debug */,
				C733B4392FFEBEE700C4EA7B /* Release */,
			);
			defaultConfigurationIsVisible = 0;
			defaultConfigurationName = Release;
		};
		C733B43A2FFEBEE700C4EA7B /* Build configuration list for PBXNativeTarget "PacaStop" */ = {
			isa = XCConfigurationList;
			buildConfigurations = (
				C733B43B2FFEBEE700C4EA7B /* Debug */,
				C733B43C2FFEBEE700C4EA7B /* Release */,
			);
			defaultConfigurationIsVisible = 0;
			defaultConfigurationName = Release;
		};
		C733B43D2FFEBEE700C4EA7B /* Build configuration list for PBXNativeTarget "PacaStopTests" */ = {
			isa = XCConfigurationList;
			buildConfigurations = (
				C733B43E2FFEBEE700C4EA7B /* Debug */,
				C733B43F2FFEBEE700C4EA7B /* Release */,
			);
			defaultConfigurationIsVisible = 0;
			defaultConfigurationName = Release;
		};
		C733B4402FFEBEE700C4EA7B /* Build configuration list for PBXNativeTarget "PacaStopUITests" */ = {
			isa = XCConfigurationList;
			buildConfigurations = (
				C733B4412FFEBEE700C4EA7B /* Debug */,
				C733B4422FFEBEE700C4EA7B /* Release */,
			);
			defaultConfigurationIsVisible = 0;
			defaultConfigurationName = Release;
		};
/* End XCConfigurationList section */

/* Begin XCRemoteSwiftPackageReference section */
		A1A1A1A1A1A1A1A1A1A10001 /* XCRemoteSwiftPackageReference "purchases-ios" */ = {
			isa = XCRemoteSwiftPackageReference;
			repositoryURL = "https://github.com/RevenueCat/purchases-ios";
			requirement = {
				kind = upToNextMajorVersion;
				minimumVersion = 5.0.0;
			};
		};
		A1A1A1A1A1A1A1A1A1A10002 /* XCRemoteSwiftPackageReference "posthog-ios" */ = {
			isa = XCRemoteSwiftPackageReference;
			repositoryURL = "https://github.com/PostHog/posthog-ios";
			requirement = {
				kind = upToNextMajorVersion;
				minimumVersion = 3.0.0;
			};
		};
		A1A1A1A1A1A1A1A1A1A10003 /* XCRemoteSwiftPackageReference "clerk-ios" */ = {
			isa = XCRemoteSwiftPackageReference;
			repositoryURL = "https://github.com/clerk/clerk-ios";
			requirement = {
				kind = upToNextMajorVersion;
				minimumVersion = 1.0.0;
			};
		};
/* End XCRemoteSwiftPackageReference section */

/* Begin XCSwiftPackageProductDependency section */
		B2B2B2B2B2B2B2B2B2B20001 /* RevenueCat */ = {
			isa = XCSwiftPackageProductDependency;
			package = A1A1A1A1A1A1A1A1A1A10001 /* XCRemoteSwiftPackageReference "purchases-ios" */;
			productName = RevenueCat;
		};
		B2B2B2B2B2B2B2B2B2B20002 /* PostHog */ = {
			isa = XCSwiftPackageProductDependency;
			package = A1A1A1A1A1A1A1A1A1A10002 /* XCRemoteSwiftPackageReference "posthog-ios" */;
			productName = PostHog;
		};
		B2B2B2B2B2B2B2B2B2B20003 /* ClerkKit */ = {
			isa = XCSwiftPackageProductDependency;
			package = A1A1A1A1A1A1A1A1A1A10003 /* XCRemoteSwiftPackageReference "clerk-ios" */;
			productName = ClerkKit;
		};
/* End XCSwiftPackageProductDependency section */
	};
	rootObject = C733B4112FFEBEE500C4EA7B /* Project object */;
}
