{
  "originHash" : "3e00edc01957a0e1a2103ad91c009e98943e181dc7a9617ef41c26a2ec8b8973",
  "pins" : [
    {
      "identity" : "clerk-ios",
      "kind" : "remoteSourceControl",
      "location" : "https://github.com/clerk/clerk-ios",
      "state" : {
        "revision" : "a137dc0b36ea68914973b8f36603c46e69e530e5",
        "version" : "1.2.8"
      }
    },
    {
      "identity" : "nuke",
      "kind" : "remoteSourceControl",
      "location" : "https://github.com/kean/Nuke.git",
      "state" : {
        "revision" : "63a8fcbd6621340a2410bc3e9575ac97058615f4",
        "version" : "13.0.6"
      }
    },
    {
      "identity" : "phonenumberkit",
      "kind" : "remoteSourceControl",
      "location" : "https://github.com/PhoneNumberKit/PhoneNumberKit",
      "state" : {
        "revision" : "ab06a8333394f4a4fb6eecca447dae0aa06c1eca",
        "version" : "5.0.4"
      }
    },
    {
      "identity" : "posthog-ios",
      "kind" : "remoteSourceControl",
      "location" : "https://github.com/PostHog/posthog-ios",
      "state" : {
        "revision" : "8497f6ea218b14c348a353f2bafbb26069e9da2c",
        "version" : "3.64.1"
      }
    },
    {
      "identity" : "purchases-ios",
      "kind" : "remoteSourceControl",
      "location" : "https://github.com/RevenueCat/purchases-ios",
      "state" : {
        "revision" : "8969bf1feaca2cc9efaa7630cd148cec5005f2f8",
        "version" : "5.80.3"
      }
    }
  ],
  "version" : 3
}
